name: qutrna
channels:
  - piechottam
  - conda-forge
  - bioconda
  - defaults
dependencies:
  - _libgcc_mutex=0.1=conda_forge
  - _openmp_mutex=4.5=2_gnu
  - _r-mutex=1.0.1=anacondar_1
  - aioeasywebdav=2.4.0=pyha770c72_0
  - aiohttp=3.9.5=py310h2372a71_0
  - aiosignal=1.3.1=pyhd8ed1ab_0
  - alsa-lib=1.2.10=hd590300_0
  - amply=0.1.6=pyhd8ed1ab_0
  - appdirs=1.4.4=pyh9f0ad1d_0
  - argcomplete=3.2.2=pyhd8ed1ab_0
  - async-timeout=4.0.3=pyhd8ed1ab_0
  - attmap=0.13.2=pyhd8ed1ab_0
  - attrs=23.2.0=pyh71513ae_0
  - aws-c-auth=0.7.15=h70caa3e_0
  - aws-c-cal=0.6.9=h14ec70c_3
  - aws-c-common=0.9.12=hd590300_0
  - aws-c-compression=0.2.17=h572eabf_8
  - aws-c-event-stream=0.4.1=h17cd1f3_5
  - aws-c-http=0.8.0=hc6da83f_5
  - aws-c-io=0.14.3=h3c8c088_1
  - aws-c-mqtt=0.10.1=h0ef3971_3
  - aws-c-s3=0.5.0=h1b46bed_2
  - aws-c-sdkutils=0.1.14=h572eabf_0
  - aws-checksums=0.1.17=h572eabf_7
  - aws-crt-cpp=0.26.1=h33f84b2_9
  - aws-sdk-cpp=1.11.242=h65f022c_0
  - bcrypt=4.1.3=py310he421c4c_0
  - binutils_impl_linux-64=2.40=hf600244_0
  - bioconductor-biobase=2.62.0=r43ha9d7317_1
  - bioconductor-biocgenerics=0.48.1=r43hdfd78af_2
  - bioconductor-biocio=1.12.0=r43hdfd78af_0
  - bioconductor-biocparallel=1.36.0=r43hf17093f_1
  - bioconductor-biostrings=2.70.1=r43ha9d7317_2
  - bioconductor-bsgenome=1.70.1=r43hdfd78af_0
  - bioconductor-data-packages=20231203=hdfd78af_0
  - bioconductor-delayedarray=0.28.0=r43ha9d7317_1
  - bioconductor-genomeinfodb=1.38.1=r43hdfd78af_1
  - bioconductor-genomeinfodbdata=1.2.11=r43hdfd78af_1
  - bioconductor-genomicalignments=1.38.0=r43ha9d7317_0
  - bioconductor-genomicranges=1.54.1=r43ha9d7317_2
  - bioconductor-iranges=2.36.0=r43ha9d7317_2
  - bioconductor-matrixgenerics=1.14.0=r43hdfd78af_1
  - bioconductor-plyranges=1.22.0=r43hdfd78af_0
  - bioconductor-rhtslib=2.4.0=r43ha9d7317_1
  - bioconductor-rsamtools=2.18.0=r43hf17093f_1
  - bioconductor-rtracklayer=1.62.0=r43ha9d7317_0
  - bioconductor-s4arrays=1.2.0=r43ha9d7317_1
  - bioconductor-s4vectors=0.40.2=r43ha9d7317_1
  - bioconductor-sparsearray=1.2.2=r43ha9d7317_1
  - bioconductor-summarizedexperiment=1.32.0=r43hdfd78af_0
  - bioconductor-xvector=0.42.0=r43ha9d7317_1
  - bioconductor-zlibbioc=1.48.0=r43ha9d7317_1
  - biopython=1.83=py310h2372a71_0
  - boto3=1.34.42=pyhd8ed1ab_0
  - botocore=1.34.42=pyhd8ed1ab_0
  - brotli-python=1.1.0=py310hc6cd4ac_1
  - bwidget=1.9.14=ha770c72_1
  - bzip2=1.0.8=hd590300_5
  - c-ares=1.26.0=hd590300_0
  - ca-certificates=2024.2.2=hbcca054_0
  - cachetools=5.3.2=pyhd8ed1ab_0
  - cairo=1.18.0=h3faef2a_0
  - certifi=2024.2.2=pyhd8ed1ab_0
  - cffi=1.16.0=py310h2fee648_0
  - charset-normalizer=3.3.2=pyhd8ed1ab_0
  - click=8.1.7=unix_pyh707e725_0
  - coin-or-cbc=2.10.10=h9002f0b_0
  - coin-or-cgl=0.60.7=h516709c_0
  - coin-or-clp=1.17.8=h1ee7a9c_0
  - coin-or-osi=0.108.8=ha2443b9_0
  - coin-or-utils=2.11.9=hee58242_0
  - coincbc=2.10.10=0_metapackage
  - colorama=0.4.6=pyhd8ed1ab_0
  - configargparse=1.7=pyhd8ed1ab_0
  - connection_pool=0.0.3=pyhd3deb0d_0
  - coreutils=9.5=hd590300_0
  - cryptography=42.0.7=py310hb1bd9d3_0
  - curl=8.8.0=he654da7_0
  - datrie=0.8.2=py310h2372a71_7
  - defusedxml=0.7.1=pyhd8ed1ab_0
  - docutils=0.21.2=pyhd8ed1ab_0
  - dpath=2.1.6=pyha770c72_0
  - dropbox=11.36.2=pyhd8ed1ab_0
  - eido=0.2.2=pyhd8ed1ab_0
  - exceptiongroup=1.2.0=pyhd8ed1ab_2
  - expat=2.5.0=hcb278e6_1
  - filechunkio=1.8=py_2
  - font-ttf-dejavu-sans-mono=2.37=hab24e00_0
  - font-ttf-inconsolata=3.000=h77eed37_0
  - font-ttf-source-code-pro=2.038=h77eed37_0
  - font-ttf-ubuntu=0.83=h77eed37_1
  - fontconfig=2.14.2=h14ed4e7_0
  - fonts-conda-ecosystem=1=0
  - fonts-conda-forge=1=0
  - freetype=2.12.1=h267a509_2
  - fribidi=1.0.10=h36c2ea0_0
  - frozenlist=1.4.1=py310h2372a71_0
  - ftputil=5.1.0=pyhd8ed1ab_0
  - gawk=5.3.0=ha916aea_0
  - gcc_impl_linux-64=13.2.0=h338b0a0_5
  - gettext=0.21.1=h27087fc_0
  - gflags=2.2.2=he1b5a44_1004
  - gfortran_impl_linux-64=13.2.0=h76e1118_5
  - ghostscript=10.03.0=h59595ed_0
  - giflib=5.2.1=h0b41bf4_3
  - gitdb=4.0.11=pyhd8ed1ab_0
  - gitpython=3.1.41=pyhd8ed1ab_0
  - glog=0.6.0=h6f12383_0
  - gmp=6.3.0=h59595ed_0
  - google-api-core=2.17.1=pyhd8ed1ab_0
  - google-api-python-client=2.118.0=pyhd8ed1ab_0
  - google-auth=2.27.0=pyhca7485f_0
  - google-auth-httplib2=0.2.0=pyhd8ed1ab_0
  - google-cloud-core=2.4.1=pyhd8ed1ab_0
  - google-cloud-storage=2.14.0=pyhca7485f_0
  - google-crc32c=1.1.2=py310hc5c09a0_5
  - google-resumable-media=2.7.0=pyhd8ed1ab_0
  - googleapis-common-protos=1.62.0=pyhd8ed1ab_0
  - graphite2=1.3.13=h58526e2_1001
  - grpcio=1.60.1=py310h1b8f574_0
  - gxx_impl_linux-64=13.2.0=h338b0a0_5
  - gzip=1.13=hd590300_0
  - harfbuzz=8.3.0=h3d44ed6_0
  - htslib=1.20=h81da01d_0
  - httplib2=0.22.0=pyhd8ed1ab_0
  - humanfriendly=10.0=pyhd8ed1ab_6
  - icu=73.2=h59595ed_0
  - idna=3.6=pyhd8ed1ab_0
  - importlib_resources=6.1.1=pyhd8ed1ab_0
  - infernal=1.1.5=pl5321h031d066_1
  - iniconfig=2.0.0=pyhd8ed1ab_0
  - jacusa2=2.0.4=0
  - jinja2=3.1.3=pyhd8ed1ab_0
  - jmespath=1.0.1=pyhd8ed1ab_0
  - jq=1.7.1=hd590300_0
  - jsonschema=4.21.1=pyhd8ed1ab_0
  - jsonschema-specifications=2023.12.1=pyhd8ed1ab_0
  - jupyter_core=5.7.2=py310hff52083_0
  - kernel-headers_linux-64=2.6.32=he073ed8_17
  - keyutils=1.6.1=h166bdaf_0
  - krb5=1.21.2=h659d440_0
  - lcms2=2.15=h7f713cb_2
  - ld_impl_linux-64=2.40=h41732ed_0
  - lerc=4.0.0=h27087fc_0
  - libabseil=20230802.1=cxx17_h59595ed_0
  - libarrow=14.0.2=he2c5238_5_cpu
  - libarrow-acero=14.0.2=h59595ed_5_cpu
  - libarrow-dataset=14.0.2=h59595ed_5_cpu
  - libarrow-substrait=14.0.2=hfbc7f12_5_cpu
  - libblas=3.9.0=21_linux64_openblas
  - libbrotlicommon=1.1.0=hd590300_1
  - libbrotlidec=1.1.0=hd590300_1
  - libbrotlienc=1.1.0=hd590300_1
  - libcblas=3.9.0=21_linux64_openblas
  - libcrc32c=1.1.2=h9c3ff4c_0
  - libcups=2.3.3=h4637d8d_4
  - libcurl=8.8.0=hca28451_0
  - libdeflate=1.18=h0b41bf4_0
  - libedit=3.1.20191231=he28a2e2_2
  - libev=4.33=hd590300_2
  - libevent=2.1.12=hf998b51_1
  - libexpat=2.5.0=hcb278e6_1
  - libffi=3.4.2=h7f98852_5
  - libgcc-devel_linux-64=13.2.0=ha9c7c90_105
  - libgcc-ng=13.2.0=h807b86a_5
  - libgfortran-ng=13.2.0=h69a702a_5
  - libgfortran5=13.2.0=ha4646dd_5
  - libglib=2.78.1=hebfc3b9_0
  - libgomp=13.2.0=h807b86a_5
  - libgoogle-cloud=2.12.0=hef10d8f_5
  - libgrpc=1.60.1=h74775cd_0
  - libiconv=1.17=hd590300_2
  - libjpeg-turbo=2.1.5.1=hd590300_1
  - liblapack=3.9.0=21_linux64_openblas
  - liblapacke=3.9.0=21_linux64_openblas
  - libnghttp2=1.58.0=h47da74e_1
  - libnsl=2.0.1=hd590300_0
  - libopenblas=0.3.26=pthreads_h413a1c8_0
  - libparquet=14.0.2=h352af49_5_cpu
  - libpng=1.6.42=h2797004_0
  - libprotobuf=4.25.1=hf27288f_1
  - libre2-11=2023.06.02=h7a70373_0
  - libsanitizer=13.2.0=h7e041cc_5
  - libsodium=1.0.18=h36c2ea0_1
  - libsqlite=3.45.3=h2797004_0
  - libssh2=1.11.0=h0841786_0
  - libstdcxx-devel_linux-64=13.2.0=ha9c7c90_105
  - libstdcxx-ng=13.2.0=h7e041cc_5
  - libthrift=0.19.0=hb90f79a_1
  - libtiff=4.6.0=h8b53f26_0
  - libutf8proc=2.8.0=h166bdaf_0
  - libuuid=2.38.1=h0b41bf4_0
  - libwebp-base=1.3.2=hd590300_0
  - libxcb=1.15=h0b41bf4_0
  - libxcrypt=4.4.36=hd590300_1
  - libxml2=2.12.5=h232c23b_0
  - libzlib=1.2.13=hd590300_5
  - logmuse=0.2.6=pyh8c360ce_0
  - lz4-c=1.9.4=hcb278e6_0
  - make=4.3=hd18ef5c_1
  - markdown-it-py=3.0.0=pyhd8ed1ab_0
  - markupsafe=2.1.5=py310h2372a71_0
  - mdurl=0.1.2=pyhd8ed1ab_0
  - mpfr=4.2.1=h9458935_0
  - multidict=6.0.5=py310h2372a71_0
  - nbformat=5.9.2=pyhd8ed1ab_0
  - ncurses=6.5=h59595ed_0
  - nlopt=2.7.1=py310h236f06b_5
  - numpy=1.26.4=py310hb13e2d6_0
  - oauth2client=4.1.3=py_0
  - oniguruma=6.9.9=hd590300_0
  - openjdk=20.0.2=hfea2f88_1
  - openssl=3.3.0=h4ab18f5_3
  - orc=1.9.2=h7829240_1
  - packaging=23.2=pyhd8ed1ab_0
  - pandas=2.2.2=py310hf9f9076_1
  - pango=1.50.14=ha41ecd1_2
  - paramiko=3.4.0=pyhd8ed1ab_0
  - pcre2=10.40=hc3806b6_0
  - pdfcrop.pl=1.42=pl5321hd8ed1ab_0
  - peppy=0.40.1=pyhd8ed1ab_0
  - perl=5.32.1=7_hd590300_perl5
  - pip=24.0=pyhd8ed1ab_0
  - pixman=0.43.2=h59595ed_0
  - pkgutil-resolve-name=1.3.10=pyhd8ed1ab_1
  - plac=1.4.2=pyhd8ed1ab_0
  - platformdirs=4.2.0=pyhd8ed1ab_0
  - pluggy=1.4.0=pyhd8ed1ab_0
  - ply=3.11=py_1
  - prettytable=3.9.0=pyhd8ed1ab_0
  - protobuf=4.25.1=py310h620c231_0
  - psutil=5.9.8=py310h2372a71_0
  - pthread-stubs=0.4=h36c2ea0_1001
  - pulp=2.7.0=py310hff52083_1
  - pyasn1=0.5.1=pyhd8ed1ab_0
  - pyasn1-modules=0.3.0=pyhd8ed1ab_0
  - pycparser=2.21=pyhd8ed1ab_0
  - pygments=2.17.2=pyhd8ed1ab_0
  - pynacl=1.5.0=py310h2372a71_3
  - pyopenssl=24.0.0=pyhd8ed1ab_0
  - pyparsing=3.1.1=pyhd8ed1ab_0
  - pysam=0.22.1=py310h41dec4a_0
  - pysftp=0.2.9=py_1
  - pysocks=1.7.1=pyha2e5f31_6
  - pytest=8.0.0=pyhd8ed1ab_0
  - python=3.10.14=hd12c33a_0_cpython
  - python-dateutil=2.8.2=pyhd8ed1ab_0
  - python-fastjsonschema=2.19.1=pyhd8ed1ab_0
  - python-irodsclient=2.0.0=pyhd8ed1ab_0
  - python-tzdata=2024.1=pyhd8ed1ab_0
  - python_abi=3.10=4_cp310
  - pytz=2024.1=pyhd8ed1ab_0
  - pyu2f=0.1.5=pyhd8ed1ab_0
  - pyyaml=6.0.1=py310h2372a71_1
  - r-abind=1.4_5=r43hc72bb7e_1005
  - r-arrow=14.0.1=r43h59595ed_0
  - r-assertthat=0.2.1=r43hc72bb7e_4
  - r-backports=1.4.1=r43h57805ef_2
  - r-base=4.3.1=h639d9d3_5
  - r-bh=1.84.0_0=r43hc72bb7e_0
  - r-bibtex=0.5.1=r43hc72bb7e_1
  - r-bit=4.0.5=r43h57805ef_1
  - r-bit64=4.0.5=r43h57805ef_2
  - r-bitops=1.0_7=r43h57805ef_2
  - r-boot=1.3_28.1=r43hc72bb7e_1
  - r-broom=1.0.5=r43hc72bb7e_1
  - r-car=3.1_2=r43hc72bb7e_1
  - r-cardata=3.0_5=r43hc72bb7e_2
  - r-caret=6.0_94=r43h57805ef_1
  - r-cellranger=1.1.0=r43hc72bb7e_1006
  - r-class=7.3_22=r43h57805ef_1
  - r-cli=3.6.2=r43ha503ecb_0
  - r-clipr=0.8.0=r43hc72bb7e_2
  - r-clock=0.7.0=r43ha503ecb_1
  - r-cluster=2.1.6=r43h61816a4_0
  - r-codetools=0.2_19=r43hc72bb7e_1
  - r-colorspace=2.1_0=r43h57805ef_1
  - r-conquer=1.3.3=r43h08d816e_2
  - r-corrplot=0.92=r43hc72bb7e_2
  - r-cowplot=1.1.3=r43hc72bb7e_0
  - r-cpp11=0.4.7=r43hc72bb7e_0
  - r-crayon=1.5.2=r43hc72bb7e_2
  - r-curl=5.1.0=r43hf9611b0_0
  - r-data.table=1.15.2=r43h029312a_0
  - r-diagram=1.6.5=r43ha770c72_2
  - r-digest=0.6.34=r43ha503ecb_0
  - r-doparallel=1.0.17=r43hc72bb7e_2
  - r-dplyr=1.1.4=r43ha503ecb_0
  - r-e1071=1.7_14=r43ha503ecb_0
  - r-ellipsis=0.3.2=r43h57805ef_2
  - r-evaluate=0.23=r43hc72bb7e_0
  - r-fansi=1.0.6=r43h57805ef_0
  - r-farver=2.1.1=r43ha503ecb_2
  - r-forcats=1.0.0=r43hc72bb7e_1
  - r-foreach=1.5.2=r43hc72bb7e_2
  - r-foreign=0.8_86=r43h57805ef_0
  - r-formatr=1.14=r43hc72bb7e_1
  - r-futile.logger=1.4.3=r43hc72bb7e_1005
  - r-futile.options=1.0.1=r43hc72bb7e_1004
  - r-future=1.33.1=r43hc72bb7e_0
  - r-future.apply=1.11.1=r43hc72bb7e_0
  - r-generics=0.1.3=r43hc72bb7e_2
  - r-getopt=1.20.4=r43ha770c72_0
  - r-ggh4x=0.2.8=r43hc72bb7e_0
  - r-ggplot2=3.5.1=r43hc72bb7e_0
  - r-ggpubr=0.6.0=r43hc72bb7e_1
  - r-ggrepel=0.9.5=r43ha503ecb_0
  - r-ggsci=3.0.0=r43hc72bb7e_1
  - r-ggsignif=0.6.4=r43hc72bb7e_1
  - r-globals=0.16.2=r43hc72bb7e_1
  - r-glue=1.7.0=r43h57805ef_0
  - r-gower=1.0.1=r43h57805ef_1
  - r-gridbase=0.4_7=r43hc72bb7e_1005
  - r-gridextra=2.3=r43hc72bb7e_1005
  - r-gtable=0.3.4=r43hc72bb7e_0
  - r-hardhat=1.3.1=r43hc72bb7e_0
  - r-haven=2.5.4=r43ha503ecb_0
  - r-highr=0.10=r43hc72bb7e_1
  - r-hms=1.1.3=r43hc72bb7e_1
  - r-ipred=0.9_14=r43h57805ef_1
  - r-isoband=0.2.7=r43ha503ecb_2
  - r-iterators=1.0.14=r43hc72bb7e_2
  - r-jacusa2helper=1.9.9.9675=r43h3fd9d12_0
  - r-kernsmooth=2.23_22=r43h13b3f57_0
  - r-knitr=1.45=r43hc72bb7e_0
  - r-labeling=0.4.3=r43hc72bb7e_0
  - r-lambda.r=1.2.4=r43hc72bb7e_3
  - r-lattice=0.22_5=r43h57805ef_0
  - r-lava=1.7.3=r43hc72bb7e_0
  - r-lifecycle=1.0.4=r43hc72bb7e_0
  - r-listenv=0.9.1=r43hc72bb7e_0
  - r-lme4=1.1_35.1=r43ha503ecb_0
  - r-lubridate=1.9.3=r43h57805ef_0
  - r-magrittr=2.0.3=r43h57805ef_2
  - r-maptools=1.1_8=r43h57805ef_0
  - r-mass=7.3_60=r43h57805ef_1
  - r-matrix=1.6_5=r43h316c678_0
  - r-matrixmodels=0.5_3=r43hc72bb7e_0
  - r-matrixstats=1.2.0=r43h57805ef_0
  - r-mgcv=1.9_1=r43h316c678_0
  - r-minqa=1.2.6=r43hcf54a89_0
  - r-modelmetrics=1.2.2.2=r43ha503ecb_3
  - r-munsell=0.5.0=r43hc72bb7e_1006
  - r-nlme=3.1_164=r43h61816a4_0
  - r-nloptr=2.0.3=r43hcf54a89_2
  - r-nmf=0.21.0=r43ha503ecb_1006
  - r-nnet=7.3_19=r43h57805ef_1
  - r-numderiv=2016.8_1.1=r43hc72bb7e_5
  - r-optparse=1.7.5=r43hc72bb7e_0
  - r-parallelly=1.37.0=r43hc72bb7e_0
  - r-patchwork=1.2.0=r43hc72bb7e_0
  - r-pbkrtest=0.5.2=r43hc72bb7e_1
  - r-pheatmap=1.0.12=r43hc72bb7e_4
  - r-pillar=1.9.0=r43hc72bb7e_1
  - r-pkgconfig=2.0.3=r43hc72bb7e_3
  - r-pkgmaker=0.32.10=r43hc72bb7e_1
  - r-plyr=1.8.9=r43ha503ecb_0
  - r-polynom=1.4_1=r43hc72bb7e_2
  - r-prettyunits=1.2.0=r43hc72bb7e_0
  - r-proc=1.18.5=r43ha503ecb_0
  - r-prodlim=2023.08.28=r43ha503ecb_0
  - r-progress=1.2.3=r43hc72bb7e_0
  - r-progressr=0.14.0=r43hc72bb7e_0
  - r-proxy=0.4_27=r43h57805ef_2
  - r-purrr=1.0.2=r43h57805ef_0
  - r-quantreg=5.97=r43hd9ac46e_0
  - r-r.methodss3=1.8.2=r43hc72bb7e_2
  - r-r.oo=1.26.0=r43hc72bb7e_0
  - r-r.utils=2.12.3=r43hc72bb7e_0
  - r-r6=2.5.1=r43hc72bb7e_2
  - r-rcolorbrewer=1.1_3=r43h785f33e_2
  - r-rcpp=1.0.12=r43h7df8631_0
  - r-rcpparmadillo=0.12.8.0.0=r43h08d816e_0
  - r-rcppeigen=0.3.3.9.4=r43h08d816e_0
  - r-rcurl=1.98_1.14=r43hf9611b0_0
  - r-readr=2.1.5=r43ha503ecb_0
  - r-readxl=1.4.3=r43ha5c9fba_0
  - r-recipes=1.0.9=r43hc72bb7e_0
  - r-registry=0.5_1=r43hc72bb7e_4
  - r-rematch=2.0.0=r43hc72bb7e_0
  - r-reshape2=1.4.4=r43ha503ecb_3
  - r-restfulr=0.0.15=r43h56115f1_3
  - r-rio=1.0.1=r43hc72bb7e_0
  - r-rjson=0.2.21=r43ha503ecb_3
  - r-rlang=1.1.3=r43ha503ecb_0
  - r-rngtools=1.5.2=r43hc72bb7e_2
  - r-rpart=4.1.23=r43h57805ef_0
  - r-rstatix=0.7.2=r43hc72bb7e_1
  - r-scales=1.3.0=r43hc72bb7e_0
  - r-shape=1.4.6=r43ha770c72_2
  - r-snow=0.4_4=r43hc72bb7e_2
  - r-sp=2.1_3=r43h57805ef_0
  - r-sparsem=1.81=r43h61816a4_2
  - r-squarem=2021.1=r43hc72bb7e_2
  - r-statmod=1.5.0=r43hd8f1df9_1
  - r-stringi=1.8.3=r43h9facbd6_0
  - r-stringr=1.5.1=r43h785f33e_0
  - r-survival=3.5_8=r43h57805ef_0
  - r-tibble=3.2.1=r43h57805ef_2
  - r-tidyr=1.3.1=r43ha503ecb_0
  - r-tidyselect=1.2.0=r43hc72bb7e_1
  - r-timechange=0.3.0=r43ha503ecb_0
  - r-timedate=4032.109=r43hc72bb7e_0
  - r-tzdb=0.4.0=r43ha503ecb_1
  - r-utf8=1.2.4=r43h57805ef_0
  - r-vctrs=0.6.5=r43ha503ecb_0
  - r-viridislite=0.4.2=r43hc72bb7e_1
  - r-vroom=1.6.5=r43ha503ecb_0
  - r-withr=3.0.0=r43hc72bb7e_0
  - r-writexl=1.5.0=r43h57805ef_0
  - r-xfun=0.42=r43ha503ecb_0
  - r-xml=3.99_0.16.1=r43hc6530ce_0
  - r-xtable=1.8_4=r43hc72bb7e_5
  - r-yaml=2.3.8=r43h57805ef_0
  - r-yardstick=1.3.1=r43h57805ef_0
  - re2=2023.06.02=h2873b5e_0
  - readline=8.2=h8228510_1
  - referencing=0.33.0=pyhd8ed1ab_0
  - requests=2.31.0=pyhd8ed1ab_0
  - reretry=0.11.8=pyhd8ed1ab_0
  - rich=13.7.0=pyhd8ed1ab_0
  - rpds-py=0.18.1=py310he421c4c_0
  - rsa=4.9=pyhd8ed1ab_0
  - s2n=1.4.3=h06160fa_0
  - s3transfer=0.10.0=pyhd8ed1ab_0
  - samtools=1.20=h50ea8bc_0
  - sed=4.8=he412f7d_0
  - setuptools=69.0.3=pyhd8ed1ab_0
  - setuptools-scm=8.0.4=pyhd8ed1ab_0
  - six=1.16.0=pyh6c4a22f_0
  - slacker=0.14.0=py_0
  - smart_open=6.4.0=pyhd8ed1ab_0
  - smmap=5.0.0=pyhd8ed1ab_0
  - snakemake=7.32.4=hdfd78af_1
  - snakemake-minimal=7.32.4=pyhdfd78af_0
  - snappy=1.1.10=h9fff704_0
  - stone=3.3.1=pyhd8ed1ab_0
  - stopit=1.1.2=py_0
  - sysroot_linux-64=2.12=he073ed8_17
  - tabulate=0.9.0=pyhd8ed1ab_1
  - throttler=1.2.2=pyhd8ed1ab_0
  - tk=8.6.13=noxft_h4845f30_101
  - tktable=2.10=h0c5db8f_5
  - toml=0.10.2=pyhd8ed1ab_0
  - tomli=2.0.1=pyhd8ed1ab_0
  - tomlkit=0.12.3=pyha770c72_0
  - toposort=1.10=pyhd8ed1ab_0
  - traitlets=5.14.1=pyhd8ed1ab_0
  - trnascan-se=2.0.12=pl5321h031d066_0
  - typing-extensions=4.9.0=hd8ed1ab_0
  - typing_extensions=4.9.0=pyha770c72_0
  - tzdata=2024a=h0c530f3_0
  - ubiquerg=0.7.0=pyhd8ed1ab_0
  - uritemplate=4.1.1=pyhd8ed1ab_0
  - urllib3=1.26.18=pyhd8ed1ab_0
  - veracitools=0.1.3=py_0
  - wcwidth=0.2.13=pyhd8ed1ab_0
  - wheel=0.42.0=pyhd8ed1ab_0
  - wrapt=1.16.0=py310h2372a71_0
  - xmltodict=0.13.0=pyhd8ed1ab_0
  - xorg-fixesproto=5.0=h7f98852_1002
  - xorg-inputproto=2.3.2=h7f98852_1002
  - xorg-kbproto=1.0.7=h7f98852_1002
  - xorg-libice=1.1.1=hd590300_0
  - xorg-libsm=1.2.4=h7391055_0
  - xorg-libx11=1.8.7=h8ee46fc_0
  - xorg-libxau=1.0.11=hd590300_0
  - xorg-libxdmcp=1.1.3=h7f98852_0
  - xorg-libxext=1.3.4=h0b41bf4_2
  - xorg-libxfixes=5.0.3=h7f98852_1004
  - xorg-libxi=1.7.10=h7f98852_0
  - xorg-libxrender=0.9.11=hd590300_0
  - xorg-libxt=1.3.0=hd590300_1
  - xorg-libxtst=1.2.3=h7f98852_1002
  - xorg-recordproto=1.14.2=h7f98852_1002
  - xorg-renderproto=0.11.1=h7f98852_1002
  - xorg-xextproto=7.3.0=h0b41bf4_1003
  - xorg-xproto=7.0.31=h7f98852_1007
  - xz=5.2.6=h166bdaf_0
  - yaml=0.2.5=h7f98852_2
  - yarl=1.9.4=py310h2372a71_0
  - yq=3.2.3=pyhd8ed1ab_0
  - yte=1.5.4=pyha770c72_0
  - zipp=3.17.0=pyhd8ed1ab_0
  - zlib=1.2.13=hd590300_5
  - zstd=1.5.6=ha6fb4c9_0
prefix: /home/mpiechotta/miniconda3/envs/qutrna
